
Microsoft Visual Studio Solution File, Format Version 12.00
# Visual Studio Version 16
VisualStudioVersion = 16.0.29209.152
MinimumVisualStudioVersion = 10.0.40219.1
Project("{2150E333-8FDC-42A3-9474-1A3956D46DE8}") = "Sources", "Sources", "{CC8DB471-0644-430D-9D4B-808A2475BEC0}"
	ProjectSection(SolutionItems) = preProject
		Source\Mapping.Direct3D1x.xml = Source\Mapping.Direct3D1x.xml
		Source\Mapping.Root.xml = Source\Mapping.Root.xml
		Source\MappingFiles.props = Source\MappingFiles.props
		Source\SharedAssemblyInfo.cs = Source\SharedAssemblyInfo.cs
	EndProjectSection
EndProject
Project("{9A19103F-16F7-4668-BE54-9A1E7A4F7556}") = "SharpDX", "Source\SharpDX\SharpDX.csproj", "{D0BCD56A-41C4-4A4E-8590-26864CED07FF}"
EndProject
Project("{9A19103F-16F7-4668-BE54-9A1E7A4F7556}") = "SharpDX.D3DCompiler", "Source\SharpDX.D3DCompiler\SharpDX.D3DCompiler.csproj", "{361D3F81-A48A-47F2-80DF-CA4F9536CB4E}"
EndProject
Project("{9A19103F-16F7-4668-BE54-9A1E7A4F7556}") = "SharpDX.DXGI", "Source\SharpDX.DXGI\SharpDX.DXGI.csproj", "{3FC6DE77-B412-4101-9E64-6B9AA831179B}"
EndProject
Project("{9A19103F-16F7-4668-BE54-9A1E7A4F7556}") = "SharpDX.Mathematics", "Source\SharpDX.Mathematics\SharpDX.Mathematics.csproj", "{49E4485F-3A2A-4C35-A159-12ECCFC00396}"
EndProject
Project("{9A19103F-16F7-4668-BE54-9A1E7A4F7556}") = "SharpDX.Direct3D12", "Source\SharpDX.Direct3D12\SharpDX.Direct3D12.csproj", "{E5BB5D1C-6C07-495B-923B-FB80B79C535E}"
EndProject
Project("{2150E333-8FDC-42A3-9474-1A3956D46DE8}") = "Build", "Build", "{3EF31A42-4EEF-44AC-8D18-D036D080A955}"
	ProjectSection(SolutionItems) = preProject
		Source\Directory.build.props = Source\Directory.build.props
		Source\Directory.build.targets = Source\Directory.build.targets
	EndProjectSection
EndProject
Global
	GlobalSection(SolutionConfigurationPlatforms) = preSolution
		Debug|Any CPU = Debug|Any CPU
		Release|Any CPU = Release|Any CPU
	EndGlobalSection
	GlobalSection(ProjectConfigurationPlatforms) = postSolution
		{D0BCD56A-41C4-4A4E-8590-26864CED07FF}.Debug|Any CPU.ActiveCfg = Debug|Any CPU
		{D0BCD56A-41C4-4A4E-8590-26864CED07FF}.Debug|Any CPU.Build.0 = Debug|Any CPU
		{D0BCD56A-41C4-4A4E-8590-26864CED07FF}.Release|Any CPU.ActiveCfg = Release|Any CPU
		{D0BCD56A-41C4-4A4E-8590-26864CED07FF}.Release|Any CPU.Build.0 = Release|Any CPU
		{361D3F81-A48A-47F2-80DF-CA4F9536CB4E}.Debug|Any CPU.ActiveCfg = Debug|Any CPU
		{361D3F81-A48A-47F2-80DF-CA4F9536CB4E}.Debug|Any CPU.Build.0 = Debug|Any CPU
		{361D3F81-A48A-47F2-80DF-CA4F9536CB4E}.Release|Any CPU.ActiveCfg = Release|Any CPU
		{361D3F81-A48A-47F2-80DF-CA4F9536CB4E}.Release|Any CPU.Build.0 = Release|Any CPU
		{3FC6DE77-B412-4101-9E64-6B9AA831179B}.Debug|Any CPU.ActiveCfg = Debug|Any CPU
		{3FC6DE77-B412-4101-9E64-6B9AA831179B}.Debug|Any CPU.Build.0 = Debug|Any CPU
		{3FC6DE77-B412-4101-9E64-6B9AA831179B}.Release|Any CPU.ActiveCfg = Release|Any CPU
		{3FC6DE77-B412-4101-9E64-6B9AA831179B}.Release|Any CPU.Build.0 = Release|Any CPU
		{49E4485F-3A2A-4C35-A159-12ECCFC00396}.Debug|Any CPU.ActiveCfg = Debug|Any CPU
		{49E4485F-3A2A-4C35-A159-12ECCFC00396}.Debug|Any CPU.Build.0 = Debug|Any CPU
		{49E4485F-3A2A-4C35-A159-12ECCFC00396}.Release|Any CPU.ActiveCfg = Release|Any CPU
		{49E4485F-3A2A-4C35-A159-12ECCFC00396}.Release|Any CPU.Build.0 = Release|Any CPU
		{E5BB5D1C-6C07-495B-923B-FB80B79C535E}.Debug|Any CPU.ActiveCfg = Debug|Any CPU
		{E5BB5D1C-6C07-495B-923B-FB80B79C535E}.Debug|Any CPU.Build.0 = Debug|Any CPU
		{E5BB5D1C-6C07-495B-923B-FB80B79C535E}.Release|Any CPU.ActiveCfg = Release|Any CPU
		{E5BB5D1C-6C07-495B-923B-FB80B79C535E}.Release|Any CPU.Build.0 = Release|Any CPU
	EndGlobalSection
	GlobalSection(SolutionProperties) = preSolution
		HideSolutionNode = FALSE
	EndGlobalSection
	GlobalSection(NestedProjects) = preSolution
		{D0BCD56A-41C4-4A4E-8590-26864CED07FF} = {CC8DB471-0644-430D-9D4B-808A2475BEC0}
		{361D3F81-A48A-47F2-80DF-CA4F9536CB4E} = {CC8DB471-0644-430D-9D4B-808A2475BEC0}
		{3FC6DE77-B412-4101-9E64-6B9AA831179B} = {CC8DB471-0644-430D-9D4B-808A2475BEC0}
		{49E4485F-3A2A-4C35-A159-12ECCFC00396} = {CC8DB471-0644-430D-9D4B-808A2475BEC0}
		{E5BB5D1C-6C07-495B-923B-FB80B79C535E} = {CC8DB471-0644-430D-9D4B-808A2475BEC0}
	EndGlobalSection
	GlobalSection(ExtensibilityGlobals) = postSolution
		SolutionGuid = {4DB4E6D7-1EEE-47F3-9530-F142104A7AC2}
	EndGlobalSection
EndGlobal
